
Microsoft Visual Studio Solution File, Format Version 12.00
# Visual Studio Version 16
VisualStudioVersion = 16.0.29613.14
MinimumVisualStudioVersion = 10.0.40219.1
Project("{FAE04EC0-301F-11D3-BF4B-00C04F79EFBC}") = "SportStore", "SportStore\SportStore.csproj", "{2ECA39F8-2C58-43E1-8574-2BB994441281}"
EndProject
Project("{FAE04EC0-301F-11D3-BF4B-00C04F79EFBC}") = "SportStore.Tests", "SportStore.Tests\SportStore.Tests.csproj", "{881394CE-F69D-4134-A4C8-AABF550456C8}"
EndProject
Global
	GlobalSection(SolutionConfigurationPlatforms) = preSolution
		Debug|Any CPU = Debug|Any CPU
		Release|Any CPU = Release|Any CPU
	EndGlobalSection
	GlobalSection(ProjectConfigurationPlatforms) = postSolution
		{2ECA39F8-2C58-43E1-8574-2BB994441281}.Debug|Any CPU.ActiveCfg = Debug|Any CPU
		{2ECA39F8-2C58-43E1-8574-2BB994441281}.Debug|Any CPU.Build.0 = Debug|Any CPU
		{2ECA39F8-2C58-43E1-8574-2BB994441281}.Release|Any CPU.ActiveCfg = Release|Any CPU
		{2ECA39F8-2C58-43E1-8574-2BB994441281}.Release|Any CPU.Build.0 = Release|Any CPU
		{881394CE-F69D-4134-A4C8-AABF550456C8}.Debug|Any CPU.ActiveCfg = Debug|Any CPU
		{881394CE-F69D-4134-A4C8-AABF550456C8}.Debug|Any CPU.Build.0 = Debug|Any CPU
		{881394CE-F69D-4134-A4C8-AABF550456C8}.Release|Any CPU.ActiveCfg = Release|Any CPU
		{881394CE-F69D-4134-A4C8-AABF550456C8}.Release|Any CPU.Build.0 = Release|Any CPU
	EndGlobalSection
	GlobalSection(SolutionProperties) = preSolution
		HideSolutionNode = FALSE
	EndGlobalSection
	GlobalSection(ExtensibilityGlobals) = postSolution
		SolutionGuid = {8028AF09-D834-4F9C-9005-5C2E6A8BAB1C}
	EndGlobalSection
EndGlobal
